
Microsoft Visual Studio Solution File, Format Version 12.00
# Visual Studio 15
VisualStudioVersion = 15.0.28307.421
MinimumVisualStudioVersion = 10.0.40219.1
Project("{FAE04EC0-301F-11D3-BF4B-00C04F79EFBC}") = "CodeFirstExistingDatabaseHotelDb", "CodeFirstExistingDatabaseHotelDb\CodeFirstExistingDatabaseHotelDb.csproj", "{78E7E45B-A181-4AFA-A565-3742DD3E1CFF}"
EndProject
Global
	GlobalSection(SolutionConfigurationPlatforms) = preSolution
		Debug|Any CPU = Debug|Any CPU
		Release|Any CPU = Release|Any CPU
	EndGlobalSection
	GlobalSection(ProjectConfigurationPlatforms) = postSolution
		{78E7E45B-A181-4AFA-A565-3742DD3E1CFF}.Debug|Any CPU.ActiveCfg = Debug|Any CPU
		{78E7E45B-A181-4AFA-A565-3742DD3E1CFF}.Debug|Any CPU.Build.0 = Debug|Any CPU
		{78E7E45B-A181-4AFA-A565-3742DD3E1CFF}.Release|Any CPU.ActiveCfg = Release|Any CPU
		{78E7E45B-A181-4AFA-A565-3742DD3E1CFF}.Release|Any CPU.Build.0 = Release|Any CPU
	EndGlobalSection
	GlobalSection(SolutionProperties) = preSolution
		HideSolutionNode = FALSE
	EndGlobalSection
	GlobalSection(ExtensibilityGlobals) = postSolution
		SolutionGuid = {551E64FC-606E-4B33-8160-2DC388E53917}
	EndGlobalSection
EndGlobal
